
Microsoft Visual Studio Solution File, Format Version 12.00
# Visual Studio 14
VisualStudioVersion = 14.0.24720.0
MinimumVisualStudioVersion = 10.0.40219.1
Project("{2150E333-8FDC-42A3-9474-1A3956D46DE8}") = "src", "src", "{E04CB042-B4AD-4ECE-B6E9-672DE4A4E713}"
EndProject
Project("{2150E333-8FDC-42A3-9474-1A3956D46DE8}") = "Solution Items", "Solution Items", "{C07740F8-6D23-4064-B33D-7252D540DC95}"
	ProjectSection(SolutionItems) = preProject
		global.json = global.json
	EndProjectSection
EndProject
Project("{8BB2217D-0F2D-49D1-97BC-3654ED321F3B}") = "MathAPI", "src\MathAPI\MathAPI.xproj", "{615C3755-2E22-4A87-AC21-E70E99D2D1A6}"
EndProject
Global
	GlobalSection(SolutionConfigurationPlatforms) = preSolution
		Debug|Any CPU = Debug|Any CPU
		Release|Any CPU = Release|Any CPU
	EndGlobalSection
	GlobalSection(ProjectConfigurationPlatforms) = postSolution
		{615C3755-2E22-4A87-AC21-E70E99D2D1A6}.Debug|Any CPU.ActiveCfg = Debug|Any CPU
		{615C3755-2E22-4A87-AC21-E70E99D2D1A6}.Debug|Any CPU.Build.0 = Debug|Any CPU
		{615C3755-2E22-4A87-AC21-E70E99D2D1A6}.Release|Any CPU.ActiveCfg = Release|Any CPU
		{615C3755-2E22-4A87-AC21-E70E99D2D1A6}.Release|Any CPU.Build.0 = Release|Any CPU
	EndGlobalSection
	GlobalSection(SolutionProperties) = preSolution
		HideSolutionNode = FALSE
	EndGlobalSection
	GlobalSection(NestedProjects) = preSolution
		{615C3755-2E22-4A87-AC21-E70E99D2D1A6} = {E04CB042-B4AD-4ECE-B6E9-672DE4A4E713}
	EndGlobalSection
EndGlobal
